{
    "_meta": {
        "hash": {
            "sha256": "1130b9d71b23215dc12d05ccb97d09b36619392fcebb22a4fa86a3d92e120a9d"
        },
        "pipfile-spec": 6,
        "requires": {
            "python_version": "3.9"
        },
        "sources": [
            {
                "name": "pypi",
                "url": "https://pypi.org/simple",
                "verify_ssl": true
            }
        ]
    },
    "default": {
        "aniso8601": {
            "hashes": [
                "sha256:1d2b7ef82963909e93c4f24ce48d4de9e66009a21bf1c1e1c85bdd0812fe412f",
                "sha256:72e3117667eedf66951bb2d93f4296a56b94b078a8a95905a052611fb3f1b973"
            ],
            "index": "pypi",
            "version": "==9.0.1"
        },
        "bcrypt": {
            "hashes": [
                "sha256:5b93c1726e50a93a033c36e5ca7fdcd29a5c7395af50a6892f5d9e7c6cfbfb29",
                "sha256:63d4e3ff96188e5898779b6057878fecf3f11cfe6ec3b313ea09955d587ec7a7",
                "sha256:81fec756feff5b6818ea7ab031205e1d323d8943d237303baca2c5f9c7846f34",
                "sha256:a67fb841b35c28a59cebed05fbd3e80eea26e6d75851f0574a9273c80f3e9b55",
                "sha256:c95d4cbebffafcdd28bd28bb4e25b31c50f6da605c81ffd9ad8a3d1b2ab7b1b6",
                "sha256:cd1ea2ff3038509ea95f687256c46b79f5fc382ad0aa3664d200047546d511d1",
                "sha256:cdcdcb3972027f83fe24a48b1e90ea4b584d35f1cc279d76de6fc4b13376239d"
            ],
            "markers": "python_version >= '3.6'",
            "version": "==3.2.0"
        },
        "blinker": {
            "hashes": [
                "sha256:471aee25f3992bd325afa3772f1063dbdbbca947a041b8b89466dc00d606f8b6"
            ],
            "version": "==1.4"
        },
        "cffi": {
            "hashes": [
                "sha256:06c54a68935738d206570b20da5ef2b6b6d92b38ef3ec45c5422c0ebaf338d4d",
                "sha256:0c0591bee64e438883b0c92a7bed78f6290d40bf02e54c5bf0978eaf36061771",
                "sha256:19ca0dbdeda3b2615421d54bef8985f72af6e0c47082a8d26122adac81a95872",
                "sha256:22b9c3c320171c108e903d61a3723b51e37aaa8c81255b5e7ce102775bd01e2c",
                "sha256:26bb2549b72708c833f5abe62b756176022a7b9a7f689b571e74c8478ead51dc",
                "sha256:33791e8a2dc2953f28b8d8d300dde42dd929ac28f974c4b4c6272cb2955cb762",
                "sha256:3c8d896becff2fa653dc4438b54a5a25a971d1f4110b32bd3068db3722c80202",
                "sha256:4373612d59c404baeb7cbd788a18b2b2a8331abcc84c3ba40051fcd18b17a4d5",
                "sha256:487d63e1454627c8e47dd230025780e91869cfba4c753a74fda196a1f6ad6548",
                "sha256:48916e459c54c4a70e52745639f1db524542140433599e13911b2f329834276a",
                "sha256:4922cd707b25e623b902c86188aca466d3620892db76c0bdd7b99a3d5e61d35f",
                "sha256:55af55e32ae468e9946f741a5d51f9896da6b9bf0bbdd326843fec05c730eb20",
                "sha256:57e555a9feb4a8460415f1aac331a2dc833b1115284f7ded7278b54afc5bd218",
                "sha256:5d4b68e216fc65e9fe4f524c177b54964af043dde734807586cf5435af84045c",
                "sha256:64fda793737bc4037521d4899be780534b9aea552eb673b9833b01f945904c2e",
                "sha256:6d6169cb3c6c2ad50db5b868db6491a790300ade1ed5d1da29289d73bbe40b56",
                "sha256:7bcac9a2b4fdbed2c16fa5681356d7121ecabf041f18d97ed5b8e0dd38a80224",
                "sha256:80b06212075346b5546b0417b9f2bf467fea3bfe7352f781ffc05a8ab24ba14a",
                "sha256:818014c754cd3dba7229c0f5884396264d51ffb87ec86e927ef0be140bfdb0d2",
                "sha256:8eb687582ed7cd8c4bdbff3df6c0da443eb89c3c72e6e5dcdd9c81729712791a",
                "sha256:99f27fefe34c37ba9875f224a8f36e31d744d8083e00f520f133cab79ad5e819",
                "sha256:9f3e33c28cd39d1b655ed1ba7247133b6f7fc16fa16887b120c0c670e35ce346",
                "sha256:a8661b2ce9694ca01c529bfa204dbb144b275a31685a075ce123f12331be790b",
                "sha256:a9da7010cec5a12193d1af9872a00888f396aba3dc79186604a09ea3ee7c029e",
                "sha256:aedb15f0a5a5949ecb129a82b72b19df97bbbca024081ed2ef88bd5c0a610534",
                "sha256:b315d709717a99f4b27b59b021e6207c64620790ca3e0bde636a6c7f14618abb",
                "sha256:ba6f2b3f452e150945d58f4badd92310449876c4c954836cfb1803bdd7b422f0",
                "sha256:c33d18eb6e6bc36f09d793c0dc58b0211fccc6ae5149b808da4a62660678b156",
                "sha256:c9a875ce9d7fe32887784274dd533c57909b7b1dcadcc128a2ac21331a9765dd",
                "sha256:c9e005e9bd57bc987764c32a1bee4364c44fdc11a3cc20a40b93b444984f2b87",
                "sha256:d2ad4d668a5c0645d281dcd17aff2be3212bc109b33814bbb15c4939f44181cc",
                "sha256:d950695ae4381ecd856bcaf2b1e866720e4ab9a1498cba61c602e56630ca7195",
                "sha256:e22dcb48709fc51a7b58a927391b23ab37eb3737a98ac4338e2448bef8559b33",
                "sha256:e8c6a99be100371dbb046880e7a282152aa5d6127ae01783e37662ef73850d8f",
                "sha256:e9dc245e3ac69c92ee4c167fbdd7428ec1956d4e754223124991ef29eb57a09d",
                "sha256:eb687a11f0a7a1839719edd80f41e459cc5366857ecbed383ff376c4e3cc6afd",
                "sha256:eb9e2a346c5238a30a746893f23a9535e700f8192a68c07c0258e7ece6ff3728",
                "sha256:ed38b924ce794e505647f7c331b22a693bee1538fdf46b0222c4717b42f744e7",
                "sha256:f0010c6f9d1a4011e429109fda55a225921e3206e7f62a0c22a35344bfd13cca",
                "sha256:f0c5d1acbfca6ebdd6b1e3eded8d261affb6ddcf2186205518f1428b8569bb99",
                "sha256:f10afb1004f102c7868ebfe91c28f4a712227fe4cb24974350ace1f90e1febbf",
                "sha256:f174135f5609428cc6e1b9090f9268f5c8935fddb1b25ccb8255a2d50de6789e",
                "sha256:f3ebe6e73c319340830a9b2825d32eb6d8475c1dac020b4f0aa774ee3b898d1c",
                "sha256:f627688813d0a4140153ff532537fbe4afea5a3dffce1f9deb7f91f848a832b5",
                "sha256:fd4305f86f53dfd8cd3522269ed7fc34856a8ee3709a5e28b2836b2db9d4cd69"
            ],
            "version": "==1.14.6"
        },
        "click": {
            "hashes": [
                "sha256:d2b5255c7c6349bc1bd1e59e08cd12acbbd63ce649f2588755783aa94dfb6b1a",
                "sha256:dacca89f4bfadd5de3d7489b7c8a566eee0d3676333fbb50030263894c38c0dc"
            ],
            "index": "pypi",
            "version": "==7.1.2"
        },
        "dnspython": {
            "hashes": [
                "sha256:95d12f6ef0317118d2a1a6fc49aac65ffec7eb8087474158f42f26a639135216",
                "sha256:e4a87f0b573201a0f3727fa18a516b055fd1107e0e5477cded4a2de497df1dd4"
            ],
            "markers": "python_version >= '3.6'",
            "version": "==2.1.0"
        },
        "email-validator": {
            "hashes": [
                "sha256:5675c8ceb7106a37e40e2698a57c056756bf3f272cfa8682a4f87ebd95d8440b",
                "sha256:aa237a65f6f4da067119b7df3f13e89c25c051327b2b5b66dc075f33d62480d7"
            ],
            "version": "==1.1.3"
        },
        "flask": {
            "hashes": [
                "sha256:4efa1ae2d7c9865af48986de8aeb8504bf32c7f3d6fdc9353d34b21f4b127060",
                "sha256:8a4fdd8936eba2512e9c85df320a37e694c93945b33ef33c89946a340a238557"
            ],
            "index": "pypi",
            "version": "==1.1.2"
        },
        "flask-bcrypt": {
            "hashes": [
                "sha256:d71c8585b2ee1c62024392ebdbc447438564e2c8c02b4e57b56a4cafd8d13c5f"
            ],
            "index": "pypi",
            "version": "==0.7.1"
        },
        "flask-httpauth": {
            "hashes": [
                "sha256:3fcedb99a03985915335a38c35bfee6765cbd66d7f46440fa3b42ae94a90fac7",
                "sha256:8c7e49e53ce7dc14e66fe39b9334e4b7ceb8d0b99a6ba1c3562bb528ef9da84a"
            ],
            "index": "pypi",
            "version": "==4.2.0"
        },
        "flask-mail": {
            "hashes": [
                "sha256:22e5eb9a940bf407bcf30410ecc3708f3c56cc44b29c34e1726fe85006935f41"
            ],
            "index": "pypi",
            "version": "==0.9.1"
        },
        "flask-mongoengine": {
            "hashes": [
                "sha256:2db13140ce7f61a935e75268190450d5ecc9b60a7310fd289f9511835aa105d4",
                "sha256:ce68726d2be8d88006e88f17e4be3b7ad07c79ca8dedb60653d3dab5d9485840"
            ],
            "index": "pypi",
            "version": "==1.0.0"
        },
        "flask-restful": {
            "hashes": [
                "sha256:5ea9a5991abf2cb69b4aac19793faac6c032300505b325687d7c305ffaa76915",
                "sha256:d891118b951921f1cec80cabb4db98ea6058a35e6404788f9e70d5b243813ec2"
            ],
            "index": "pypi",
            "version": "==0.3.8"
        },
        "flask-testing": {
            "hashes": [
                "sha256:0a734d7b68e63a9410b413cd7b1f96456f9a858bd09a6222d465650cc782eb01"
            ],
            "index": "pypi",
            "version": "==0.8.1"
        },
        "flask-wtf": {
            "hashes": [
                "sha256:6ff7af73458f182180906a37a783e290bdc8a3817fe4ad17227563137ca285bf",
                "sha256:ff177185f891302dc253437fe63081e7a46a4e99aca61dfe086fb23e54fff2dc"
            ],
            "markers": "python_version >= '3.6'",
            "version": "==0.15.1"
        },
        "greenlet": {
            "hashes": [
                "sha256:03f28a5ea20201e70ab70518d151116ce939b412961c33827519ce620957d44c",
                "sha256:06d7ac89e6094a0a8f8dc46aa61898e9e1aec79b0f8b47b2400dd51a44dbc832",
                "sha256:06ecb43b04480e6bafc45cb1b4b67c785e183ce12c079473359e04a709333b08",
                "sha256:096cb0217d1505826ba3d723e8981096f2622cde1eb91af9ed89a17c10aa1f3e",
                "sha256:0c557c809eeee215b87e8a7cbfb2d783fb5598a78342c29ade561440abae7d22",
                "sha256:0de64d419b1cb1bfd4ea544bedea4b535ef3ae1e150b0f2609da14bbf48a4a5f",
                "sha256:14927b15c953f8f2d2a8dffa224aa78d7759ef95284d4c39e1745cf36e8cdd2c",
                "sha256:16183fa53bc1a037c38d75fdc59d6208181fa28024a12a7f64bb0884434c91ea",
                "sha256:206295d270f702bc27dbdbd7651e8ebe42d319139e0d90217b2074309a200da8",
                "sha256:22002259e5b7828b05600a762579fa2f8b33373ad95a0ee57b4d6109d0e589ad",
                "sha256:2325123ff3a8ecc10ca76f062445efef13b6cf5a23389e2df3c02a4a527b89bc",
                "sha256:258f9612aba0d06785143ee1cbf2d7361801c95489c0bd10c69d163ec5254a16",
                "sha256:3096286a6072553b5dbd5efbefc22297e9d06a05ac14ba017233fedaed7584a8",
                "sha256:3d13da093d44dee7535b91049e44dd2b5540c2a0e15df168404d3dd2626e0ec5",
                "sha256:408071b64e52192869129a205e5b463abda36eff0cebb19d6e63369440e4dc99",
                "sha256:598bcfd841e0b1d88e32e6a5ea48348a2c726461b05ff057c1b8692be9443c6e",
                "sha256:5d928e2e3c3906e0a29b43dc26d9b3d6e36921eee276786c4e7ad9ff5665c78a",
                "sha256:5f75e7f237428755d00e7460239a2482fa7e3970db56c8935bd60da3f0733e56",
                "sha256:60848099b76467ef09b62b0f4512e7e6f0a2c977357a036de602b653667f5f4c",
                "sha256:6b1d08f2e7f2048d77343279c4d4faa7aef168b3e36039cba1917fffb781a8ed",
                "sha256:70bd1bb271e9429e2793902dfd194b653221904a07cbf207c3139e2672d17959",
                "sha256:76ed710b4e953fc31c663b079d317c18f40235ba2e3d55f70ff80794f7b57922",
                "sha256:7920e3eccd26b7f4c661b746002f5ec5f0928076bd738d38d894bb359ce51927",
                "sha256:7db68f15486d412b8e2cfcd584bf3b3a000911d25779d081cbbae76d71bd1a7e",
                "sha256:8833e27949ea32d27f7e96930fa29404dd4f2feb13cce483daf52e8842ec246a",
                "sha256:944fbdd540712d5377a8795c840a97ff71e7f3221d3fddc98769a15a87b36131",
                "sha256:9a6b035aa2c5fcf3dbbf0e3a8a5bc75286fc2d4e6f9cfa738788b433ec894919",
                "sha256:9bdcff4b9051fb1aa4bba4fceff6a5f770c6be436408efd99b76fc827f2a9319",
                "sha256:a9017ff5fc2522e45562882ff481128631bf35da444775bc2776ac5c61d8bcae",
                "sha256:aa4230234d02e6f32f189fd40b59d5a968fe77e80f59c9c933384fe8ba535535",
                "sha256:ad80bb338cf9f8129c049837a42a43451fc7c8b57ad56f8e6d32e7697b115505",
                "sha256:adb94a28225005890d4cf73648b5131e885c7b4b17bc762779f061844aabcc11",
                "sha256:b3090631fecdf7e983d183d0fad7ea72cfb12fa9212461a9b708ff7907ffff47",
                "sha256:b33b51ab057f8a20b497ffafdb1e79256db0c03ef4f5e3d52e7497200e11f821",
                "sha256:b97c9a144bbeec7039cca44df117efcbeed7209543f5695201cacf05ba3b5857",
                "sha256:be13a18cec649ebaab835dff269e914679ef329204704869f2f167b2c163a9da",
                "sha256:be9768e56f92d1d7cd94185bab5856f3c5589a50d221c166cc2ad5eb134bd1dc",
                "sha256:c1580087ab493c6b43e66f2bdd165d9e3c1e86ef83f6c2c44a29f2869d2c5bd5",
                "sha256:c35872b2916ab5a240d52a94314c963476c989814ba9b519bc842e5b61b464bb",
                "sha256:c70c7dd733a4c56838d1f1781e769081a25fade879510c5b5f0df76956abfa05",
                "sha256:c767458511a59f6f597bfb0032a1c82a52c29ae228c2c0a6865cfeaeaac4c5f5",
                "sha256:c87df8ae3f01ffb4483c796fe1b15232ce2b219f0b18126948616224d3f658ee",
                "sha256:ca1c4a569232c063615f9e70ff9a1e2fee8c66a6fb5caf0f5e8b21a396deec3e",
                "sha256:cc407b68e0a874e7ece60f6639df46309376882152345508be94da608cc0b831",
                "sha256:da862b8f7de577bc421323714f63276acb2f759ab8c5e33335509f0b89e06b8f",
                "sha256:dfe7eac0d253915116ed0cd160a15a88981a1d194c1ef151e862a5c7d2f853d3",
                "sha256:ed1377feed808c9c1139bdb6a61bcbf030c236dd288d6fca71ac26906ab03ba6",
                "sha256:f42ad188466d946f1b3afc0a9e1a266ac8926461ee0786c06baac6bd71f8a6f3",
                "sha256:f92731609d6625e1cc26ff5757db4d32b6b810d2a3363b0ff94ff573e5901f6f"
            ],
            "markers": "python_version >= '3'",
            "version": "==1.1.0"
        },
        "idna": {
            "hashes": [
                "sha256:14475042e284991034cb48e06f6851428fb14c4dc953acd9be9a5e95c7b6dd7a",
                "sha256:467fbad99067910785144ce333826c71fb0e63a425657295239737f7ecd125f3"
            ],
            "markers": "python_version >= '3.5'",
            "version": "==3.2"
        },
        "itsdangerous": {
            "hashes": [
                "sha256:321b033d07f2a4136d3ec762eac9f16a10ccd60f53c0c91af90217ace7ba1f19",
                "sha256:b12271b2047cb23eeb98c8b5622e2e5c5e9abd9784a153e9d8ef9cb4dd09d749"
            ],
            "index": "pypi",
            "version": "==1.1.0"
        },
        "jinja2": {
            "hashes": [
                "sha256:03e47ad063331dd6a3f04a43eddca8a966a26ba0c5b7207a9a9e4e08f1b29419",
                "sha256:a6d58433de0ae800347cab1fa3043cebbabe8baa9d29e668f1c768cb87a333c6"
            ],
            "index": "pypi",
            "version": "==2.11.3"
        },
        "markupsafe": {
            "hashes": [
                "sha256:00bc623926325b26bb9605ae9eae8a215691f33cae5df11ca5424f06f2d1f473",
                "sha256:09027a7803a62ca78792ad89403b1b7a73a01c8cb65909cd876f7fcebd79b161",
                "sha256:09c4b7f37d6c648cb13f9230d847adf22f8171b1ccc4d5682398e77f40309235",
                "sha256:1027c282dad077d0bae18be6794e6b6b8c91d58ed8a8d89a89d59693b9131db5",
                "sha256:13d3144e1e340870b25e7b10b98d779608c02016d5184cfb9927a9f10c689f42",
                "sha256:195d7d2c4fbb0ee8139a6cf67194f3973a6b3042d742ebe0a9ed36d8b6f0c07f",
                "sha256:22c178a091fc6630d0d045bdb5992d2dfe14e3259760e713c490da5323866c39",
                "sha256:24982cc2533820871eba85ba648cd53d8623687ff11cbb805be4ff7b4c971aff",
                "sha256:29872e92839765e546828bb7754a68c418d927cd064fd4708fab9fe9c8bb116b",
                "sha256:2beec1e0de6924ea551859edb9e7679da6e4870d32cb766240ce17e0a0ba2014",
                "sha256:3b8a6499709d29c2e2399569d96719a1b21dcd94410a586a18526b143ec8470f",
                "sha256:43a55c2930bbc139570ac2452adf3d70cdbb3cfe5912c71cdce1c2c6bbd9c5d1",
                "sha256:46c99d2de99945ec5cb54f23c8cd5689f6d7177305ebff350a58ce5f8de1669e",
                "sha256:500d4957e52ddc3351cabf489e79c91c17f6e0899158447047588650b5e69183",
                "sha256:535f6fc4d397c1563d08b88e485c3496cf5784e927af890fb3c3aac7f933ec66",
                "sha256:596510de112c685489095da617b5bcbbac7dd6384aeebeda4df6025d0256a81b",
                "sha256:62fe6c95e3ec8a7fad637b7f3d372c15ec1caa01ab47926cfdf7a75b40e0eac1",
                "sha256:6788b695d50a51edb699cb55e35487e430fa21f1ed838122d722e0ff0ac5ba15",
                "sha256:6dd73240d2af64df90aa7c4e7481e23825ea70af4b4922f8ede5b9e35f78a3b1",
                "sha256:6f1e273a344928347c1290119b493a1f0303c52f5a5eae5f16d74f48c15d4a85",
                "sha256:6fffc775d90dcc9aed1b89219549b329a9250d918fd0b8fa8d93d154918422e1",
                "sha256:717ba8fe3ae9cc0006d7c451f0bb265ee07739daf76355d06366154ee68d221e",
                "sha256:79855e1c5b8da654cf486b830bd42c06e8780cea587384cf6545b7d9ac013a0b",
                "sha256:7c1699dfe0cf8ff607dbdcc1e9b9af1755371f92a68f706051cc8c37d447c905",
                "sha256:7fed13866cf14bba33e7176717346713881f56d9d2bcebab207f7a036f41b850",
                "sha256:84dee80c15f1b560d55bcfe6d47b27d070b4681c699c572af2e3c7cc90a3b8e0",
                "sha256:88e5fcfb52ee7b911e8bb6d6aa2fd21fbecc674eadd44118a9cc3863f938e735",
                "sha256:8defac2f2ccd6805ebf65f5eeb132adcf2ab57aa11fdf4c0dd5169a004710e7d",
                "sha256:98bae9582248d6cf62321dcb52aaf5d9adf0bad3b40582925ef7c7f0ed85fceb",
                "sha256:98c7086708b163d425c67c7a91bad6e466bb99d797aa64f965e9d25c12111a5e",
                "sha256:9add70b36c5666a2ed02b43b335fe19002ee5235efd4b8a89bfcf9005bebac0d",
                "sha256:9bf40443012702a1d2070043cb6291650a0841ece432556f784f004937f0f32c",
                "sha256:a6a744282b7718a2a62d2ed9d993cad6f5f585605ad352c11de459f4108df0a1",
                "sha256:acf08ac40292838b3cbbb06cfe9b2cb9ec78fce8baca31ddb87aaac2e2dc3bc2",
                "sha256:ade5e387d2ad0d7ebf59146cc00c8044acbd863725f887353a10df825fc8ae21",
                "sha256:b00c1de48212e4cc9603895652c5c410df699856a2853135b3967591e4beebc2",
                "sha256:b1282f8c00509d99fef04d8ba936b156d419be841854fe901d8ae224c59f0be5",
                "sha256:b1dba4527182c95a0db8b6060cc98ac49b9e2f5e64320e2b56e47cb2831978c7",
                "sha256:b2051432115498d3562c084a49bba65d97cf251f5a331c64a12ee7e04dacc51b",
                "sha256:b7d644ddb4dbd407d31ffb699f1d140bc35478da613b441c582aeb7c43838dd8",
                "sha256:ba59edeaa2fc6114428f1637ffff42da1e311e29382d81b339c1817d37ec93c6",
                "sha256:bf5aa3cbcfdf57fa2ee9cd1822c862ef23037f5c832ad09cfea57fa846dec193",
                "sha256:c8716a48d94b06bb3b2524c2b77e055fb313aeb4ea620c8dd03a105574ba704f",
                "sha256:caabedc8323f1e93231b52fc32bdcde6db817623d33e100708d9a68e1f53b26b",
                "sha256:cd5df75523866410809ca100dc9681e301e3c27567cf498077e8551b6d20e42f",
                "sha256:cdb132fc825c38e1aeec2c8aa9338310d29d337bebbd7baa06889d09a60a1fa2",
                "sha256:d53bc011414228441014aa71dbec320c66468c1030aae3a6e29778a3382d96e5",
                "sha256:d73a845f227b0bfe8a7455ee623525ee656a9e2e749e4742706d80a6065d5e2c",
                "sha256:d9be0ba6c527163cbed5e0857c451fcd092ce83947944d6c14bc95441203f032",
                "sha256:e249096428b3ae81b08327a63a485ad0878de3fb939049038579ac0ef61e17e7",
                "sha256:e8313f01ba26fbbe36c7be1966a7b7424942f670f38e666995b88d012765b9be",
                "sha256:feb7b34d6325451ef96bc0e36e1a6c0c1c64bc1fbec4b854f4529e51887b1621"
            ],
            "index": "pypi",
            "version": "==1.1.1"
        },
        "marshmallow": {
            "hashes": [
                "sha256:0dd42891a5ef288217ed6410917f3c6048f585f8692075a0052c24f9bfff9dfd",
                "sha256:16e99cb7f630c0ef4d7d364ed0109ac194268dde123966076ab3dafb9ae3906b"
            ],
            "index": "pypi",
            "version": "==3.11.1"
        },
        "mongoengine": {
            "hashes": [
                "sha256:3d1c8b9f5d43144bd726a3f01e58d2831c6fb112960a4a60b3a26fa85e026ab3",
                "sha256:de275e70cd58891dc46eef43369c522ce450dccb6d6f1979cbc9b93e6bdaf6cb"
            ],
            "index": "pypi",
            "version": "==0.23.1"
        },
        "pycparser": {
            "hashes": [
                "sha256:2d475327684562c3a96cc71adf7dc8c4f0565175cf86b6d7a404ff4c771f15f0",
                "sha256:7582ad22678f0fcd81102833f60ef8d0e57288b6b5fb00323d101be910e35705"
            ],
            "markers": "python_version >= '2.7' and python_version not in '3.0, 3.1, 3.2, 3.3'",
            "version": "==2.20"
        },
        "pymongo": {
            "hashes": [
                "sha256:02dc0b0f48ed3cd06c13b7e31b066bf91e00dac5f8147b0a0a45f9009bfab857",
                "sha256:053b4ebf91c7395d1fcd2ce6a9edff0024575b7b2de6781554a4114448a8adc9",
                "sha256:070a4ef689c9438a999ec3830e69b208ff0d12251846e064d947f97d819d1d05",
                "sha256:072ba7cb65c8aa4d5c5659bf6722ee85781c9d7816dc00679b8b6f3dff1ddafc",
                "sha256:0b6055e0ef451ff73c93d0348d122a0750dddf323b9361de5835dac2f6cf7fc1",
                "sha256:11f9e0cfc84ade088a38df2708d0b958bb76360181df1b2e1e1a41beaa57952b",
                "sha256:18290649759f9db660972442aa606f845c368db9b08c4c73770f6da14113569b",
                "sha256:186104a94d39b8412f8e3de385acd990a628346a4402d4f3a288a82b8660bd22",
                "sha256:1970cfe2aec1bf74b40cf30c130ad10cd968941694630386db33e1d044c22a2e",
                "sha256:19d4bd0fc29aa405bb1781456c9cfff9fceabb68543741eb17234952dbc2bbb0",
                "sha256:1bab889ae7640eba739f67fcbf8eff252dddc60d4495e6ddd3a87cd9a95fdb52",
                "sha256:1bc6fe7279ff40c6818db002bf5284aa03ec181ea1b1ceaeee33c289d412afa7",
                "sha256:208debdcf76ed39ebf24f38509f50dc1c100e31e8653817fedb8e1f867850a13",
                "sha256:2399a85b54f68008e483b2871f4a458b4c980469c7fe921595ede073e4844f1e",
                "sha256:246ec420e4c8744fceb4e259f906211b9c198e1f345e6158dcd7cbad3737e11e",
                "sha256:24f8aeec4d6b894a6128844e50ff423dd02462ee83addf503c598ee3a80ddf3d",
                "sha256:255a35bf29185f44b412e31a927d9dcedda7c2c380127ecc4fbf2f61b72fa978",
                "sha256:2dbfbbded947a83a3dffc2bd1ec4750c17e40904692186e2c55a3ad314ca0222",
                "sha256:2e92aa32300a0b5e4175caec7769f482b292769807024a86d674b3f19b8e3755",
                "sha256:316c1b8723afa9870567cd6dff35d440b2afeda53aa13da6c5ab85f98ed6f5ca",
                "sha256:333bfad77aa9cd11711febfb75eed0bb537a1d022e1c252714dad38993590240",
                "sha256:39dafa2eaf577d1969f289dc9a44501859a1897eb45bd589e93ce843fc610800",
                "sha256:3ce83f17f641a62a4dfb0ba1b8a3c1ced7c842f511b5450d90c030c7828e3693",
                "sha256:46d5ec90276f71af3a29917b30f2aec2315a2759b5f8d45b3b63a07ca8a070a3",
                "sha256:48d5bc80ab0af6b60c4163c5617f5cd23f2f880d7600940870ea5055816af024",
                "sha256:4ba0def4abef058c0e5101e05e3d5266e6fffb9795bbf8be0fe912a7361a0209",
                "sha256:5af390fa9faf56c93252dab09ea57cd020c9123aa921b63a0ed51832fdb492e7",
                "sha256:5e574664f1468872cd40f74e4811e22b1aa4de9399d6bcfdf1ee6ea94c017fcf",
                "sha256:625befa3bc9b40746a749115cc6a15bf20b9bd7597ca55d646205b479a2c99c7",
                "sha256:6261bee7c5abadeac7497f8f1c43e521da78dd13b0a2439f526a7b0fc3788824",
                "sha256:657ad80de8ec9ed656f28844efc801a0802961e8c6a85038d97ff6f555ef4919",
                "sha256:6b89dc51206e4971c5568c797991eaaef5dc2a6118d67165858ad11752dba055",
                "sha256:6e66780f14c2efaf989cd3ac613b03ee6a8e3a0ba7b96c0bb14adca71a427e55",
                "sha256:6fb3f85870ae26896bb44e67db94045f2ebf00c5d41e6b66cdcbb5afd644fc18",
                "sha256:701e08457183da70ed96b35a6b43e6ba1df0b47c837b063cde39a1fbe1aeda81",
                "sha256:70761fd3c576b027eec882b43ee0a8e5b22ff9c20cdf4d0400e104bc29e53e34",
                "sha256:73b400fdc22de84bae0dbf1a22613928a41612ec0a3d6ed47caf7ad4d3d0f2ff",
                "sha256:7412a36798966624dc4c57d64aa43c2d1100b348abd98daaac8e99e57d87e1d7",
                "sha256:78ecb8d42f50d393af912bfb1fb1dcc9aabe9967973efb49ee577e8f1cea494c",
                "sha256:7c6a9948916a7bbcc6d3a9f6fb75db1acb5546078023bfb3db6efabcd5a67527",
                "sha256:7c72d08acdf573455b2b9d2b75b8237654841d63a48bc2327dc102c6ee89b75a",
                "sha256:7d98ce3c42921bb91566121b658e0d9d59a9082a9bd6f473190607ff25ab637f",
                "sha256:845a8b83798b2fb11b09928413cb32692866bfbc28830a433d9fa4c8c3720dd0",
                "sha256:94d38eba4d1b5eb3e6bfece0651b855a35c44f32fd91f512ab4ba41b8c0d3e66",
                "sha256:9a13661681d17e43009bb3e85e837aa1ec5feeea1e3654682a01b8821940f8b3",
                "sha256:a0e5dff6701fa615f165306e642709e1c1550d5b237c5a7a6ea299886828bd50",
                "sha256:a2239556ff7241584ce57be1facf25081669bb457a9e5cbe68cce4aae6567aa1",
                "sha256:a325600c83e61e3c9cebc0c2b1c8c4140fa887f789085075e8f44c8ff2547eb9",
                "sha256:a3566acfbcde46911c52810374ecc0354fdb841284a3efef6ff7105bc007e9a8",
                "sha256:a634a4730ce0b0934ed75e45beba730968e12b4dafbb22f69b3b2f616d9e644e",
                "sha256:a6d055f01b83b1a4df8bb0c61983d3bdffa913764488910af3620e5c2450bf83",
                "sha256:a752ecd1a26000a6d67be7c9a2e93801994a8b3f866ac95b672fbc00225ca91a",
                "sha256:a9ba2a63777027b06b116e1ea8248e66fd1bedc2c644f93124b81a91ddbf6d88",
                "sha256:aaa038eafb7186a4abbb311fcf20724be9363645882bbce540bef4797e812a7a",
                "sha256:af586e85144023686fb0af09c8cdf672484ea182f352e7ceead3d832de381e1b",
                "sha256:b0a0cf39f589e52d801fdef418305562bc030cdf8929217463c8433c65fd5c2f",
                "sha256:b1c4874331ab960429caca81acb9d2932170d66d6d6f87e65dc4507a85aca152",
                "sha256:b3b5b3cbc3fdf4fcfa292529df2a85b5d9c7053913a739d3069af1e12e12219f",
                "sha256:b542d56ed1b8d5cf3bb36326f814bd2fbe8812dfd2582b80a15689ea433c0e35",
                "sha256:b6ea08758b6673610b3c5bdf47189286cf9c58b1077558706a2f6f8744922527",
                "sha256:b754240daafecd9d5fce426b0fbaaed03f4ebb130745c8a4ae9231fffb8d75e5",
                "sha256:b772bab31cbd9cb911e41e1a611ebc9497f9a32a7348e2747c38210f75c00f41",
                "sha256:b88d1742159bc93a078733f9789f563cef26f5e370eba810476a71aa98e5fbc2",
                "sha256:b8bf42d3b32f586f4c9e37541769993783a534ad35531ce8a4379f6fa664fba9",
                "sha256:bc9ac81e73573516070d24ce15da91281922811f385645df32bd3c8a45ab4684",
                "sha256:c188db6cf9e14dbbb42f5254292be96f05374a35e7dfa087cc2140f0ff4f10f6",
                "sha256:c55782a55f4a013a78ac5b6ee4b8731a192dea7ab09f1b6b3044c96d5128edd4",
                "sha256:c5cab230e7cabdae9ff23c12271231283efefb944c1b79bed79a91beb65ba547",
                "sha256:cbf8672edeb7b7128c4a939274801f0e32bbf5159987815e3d1eace625264a46",
                "sha256:cc2894fe91f31a513860238ede69fe47fada21f9e7ddfe73f7f9fef93a971e41",
                "sha256:cda9e628b1315beec8341e8c04aac9a0b910650b05e0751e42e399d5694aeacb",
                "sha256:ceae3ab9e11a27aaab42878f1d203600dfd24f0e43678b47298219a0f10c0d30",
                "sha256:ced944dcdd561476deef7cb7bfd4987c69fffbfeff6d02ca4d5d4fd592d559b7",
                "sha256:d04ca462cb99077e6c059e97c072957caf2918e6e4191e3161c01c439e0193de",
                "sha256:d1131562ddc2ea8a446f66c2648d7dabec2b3816fc818528eb978a75a6d23b2e",
                "sha256:d1740776b70367277323fafb76bcf09753a5cc9824f5d705bac22a34ff3668ea",
                "sha256:d6e11ffd43184d529d6752d6dcb62b994f903038a17ea2168ef1910c96324d26",
                "sha256:d73e10772152605f6648ba4410318594f1043bbfe36d2fadee7c4b8912eff7c5",
                "sha256:da8288bc4a7807c6715416deed1c57d94d5e03e93537889e002bf985be503f1a",
                "sha256:db93608a246da44d728842b8fa9e45aa9782db76955f634a707739a8d53ff544",
                "sha256:dcd3d0009fbb6e454d729f8b22d0063bd9171c31a55e0f0271119bd4f2700023",
                "sha256:dd1f49f949a658c4e8f81ed73f9aad25fcc7d4f62f767f591e749e30038c4e1d",
                "sha256:dd6ff2192f34bd622883c745a56f492b1c9ccd44e14953e8051c33024a2947d5",
                "sha256:e018a4921657c2d3f89c720b7b90b9182e277178a04a7e9542cc79d7d787ca51",
                "sha256:e2b7670c0c8c6b501464150dd49dd0d6be6cb7f049e064124911cec5514fa19e",
                "sha256:e7a33322e08021c37e89cae8ff06327503e8a1719e97c69f32c31cbf6c30d72c",
                "sha256:e8a82e35d52ad6f867e88096a1a2b9bdc7ec4d5e65c7b4976a248bf2d1a32a93",
                "sha256:e9faf8d4712d5ea301d74abfcf6dafe4b7f4af7936e91f283b0ad7bf69ed3e3a",
                "sha256:ec5ca7c0007ce268048bbe0ffc6846ed1616cf3d8628b136e81d5e64ff3f52a2",
                "sha256:eee42a1cc06565f6b21caa1f504ec15e07de7ebfd520ab57f8cb3308bc118e22",
                "sha256:f2acf9bbcd514e901f82c4ca6926bbd2ae61716728f110b4343eb0a69612d018",
                "sha256:f55c1ddcc1f6050b07d468ce594f55dbf6107b459e16f735d26818d7be1e9538",
                "sha256:f6977a520bd96e097c8a37a8cbb9faa1ea99d21bf84190195056e25f688af73d",
                "sha256:f94c7d22fb36b184734dded7345a04ec5f95130421c775b8b0c65044ef073f34",
                "sha256:fa8957e9a1b202cb45e6b839c241cd986c897be1e722b81d2f32e9c6aeee80b0",
                "sha256:fd3854148005c808c485c754a184c71116372263709958b42aefbef2e5dd373a",
                "sha256:fe5872ce6f9627deac8314bdffd3862624227c3de4c17ef0cc78bbf0402999eb",
                "sha256:ffbae429ba9e42d0582d3ac63fdb410338892468a2107d8ff68228ec9a39a0ed"
            ],
            "version": "==3.12.0"
        },
        "python-dateutil": {
            "hashes": [
                "sha256:73ebfe9dbf22e832286dafa60473e4cd239f8592f699aa5adaf10050e6e1823c",
                "sha256:75bb3f31ea686f1197762692a9ee6a7550b59fc6ca3a1f4b5d7e32fb98e2da2a"
            ],
            "index": "pypi",
            "version": "==2.8.1"
        },
        "pytz": {
            "hashes": [
                "sha256:83a4a90894bf38e243cf052c8b58f381bfe9a7a483f6a9cab140bc7f702ac4da",
                "sha256:eb10ce3e7736052ed3623d49975ce333bcd712c7bb19a58b9e2089d4057d0798"
            ],
            "index": "pypi",
            "version": "==2021.1"
        },
        "six": {
            "hashes": [
                "sha256:30639c035cdb23534cd4aa2dd52c3bf48f06e5f4a941509c8bafd8ce11080259",
                "sha256:8b74bedcbbbaca38ff6d7491d76f2b06b3592611af620f8426e82dddb04a5ced"
            ],
            "index": "pypi",
            "version": "==1.15.0"
        },
        "sqlalchemy": {
            "hashes": [
                "sha256:01988ae8841b8b2efe2bfe5094466d7cec09c69afb430de42c1bc847f2742579",
                "sha256:05c3f89fc4c459a71bf643a1145a92ed09e6824c04b9190ea88e2155f42e4ed1",
                "sha256:08c5a58bfbd6638c17b13fad8d78c75756a11d67948615ac6713d8aaa19634ed",
                "sha256:13508e69d6feba528ff583f81b840b837a085456fb084db968a65e6bcc4f0193",
                "sha256:25375f44246e9dd652ba3a566e55a3b35ad7fd88f63bdf1266b6612b956e72cb",
                "sha256:266fbf4a0d3f4ed614fff60485e3ba83d3eef4a736102b9b7e461402dc930234",
                "sha256:2bf1a89887ff316c8bc6e69197dbd37ef84c41231c2d92c4af438a391fb730ea",
                "sha256:4513c4d2a9d03239dd48c558b7e89969128e07493c8930a4edc2ba9c6ba6f098",
                "sha256:482e38d6ea79b3d2d136044188545bf262ba001d8a4f41112808a8d457e8bb9f",
                "sha256:483fb869a3151dae6d1c97d242fe2e1b08f97bc71bd4946229930b9efedc9d9d",
                "sha256:4b49e4700660964e70676aed5b83650b1b7fbbb7ff4b8fca587212e3496cb965",
                "sha256:552056e00c58c73fa69c04ba854a3590cd5efd09ee380f06c121553fc42786d5",
                "sha256:56fc949c075085bfd4aa38a2cb0e3dd3e9f6a1a01a628cb1225adbd169dbdeb4",
                "sha256:6c24884bb8d0065cf6f61b643e8f32947ef8386a5bcdad41b921ed81994ea8f1",
                "sha256:83372e25c1cc2100d00603907abe8d05d1143f8907f841780760c694285b714d",
                "sha256:8b3f2719f8957e3402bdcbddde8054399c09898e62ef4b2a7f946ae7e78e7945",
                "sha256:8bb0a2767a88e41be9d414fdd18e3929d7aa0abad81a6ab0747d5098d785c8a9",
                "sha256:8d2c8a1f1352a9db7b5c370411f61cf36b9bfed61cbac4ae1033c39374981a0c",
                "sha256:92b153cbc0138931e82cc26fedcd84d55ac6f6916e881799e540ff4d3c875b67",
                "sha256:978a89d594d477f2bf088aedf2f60fb213b0191f8f8d96f5b48b7e0cf76b420c",
                "sha256:99d90172d1d284550caa490617f50392dcdea330401fad0eddb95b83d6b4a501",
                "sha256:a2a11d6102ed1f3c949bacd2381e47c0587413889dd35ce4f8b68927ec2e5dd0",
                "sha256:ac61e7129099aae447f0c2c00350b6e598e8985d1891bab21c79affd58c0a23d",
                "sha256:adb965b2310c01249481a3f94a1ab2bb88cd7aa78964a6252a38886a9ecdcaf1",
                "sha256:b127b4c6961005eb16e46d6f84dc272af58259c7e373dc49e287b0157a776073",
                "sha256:bc840a012a5521635cb084b690ae4a2587072b34707c626de57619c96b079ffd",
                "sha256:c4dca554ffe5041bceb5bc938316a46f8391802b5607ed2bc94bfab539545bea",
                "sha256:c5f138ffa743508488bf40affa4f34e14deaa47e2ae15e6b1e00fa1220983e0d",
                "sha256:d5618889532bd4096f7c7eb143e5e7039c24eb4327aef7d87d8f56220c4fdd5d",
                "sha256:db314bac56215008af4c1ca2d4cb4e8178140dc009f2f6b04d5af73b26ca895c",
                "sha256:dbbe277b32aa2df9bf87979d1ec10b5a9288ebf7346c8ae28013db1f32737850",
                "sha256:e1088a429716ce32f30925228d56c74b3566dae880b8b89d12d3245469d0e494",
                "sha256:e55e7624c5253fad07ceee52d06ce9b562895a33c004f48118b05a50773ae380",
                "sha256:e7e52b59e0895c3c85eb271e2b77b9507b131eec621a2de1986682a69cc96889"
            ],
            "index": "pypi",
            "version": "==1.4.10"
        },
        "werkzeug": {
            "hashes": [
                "sha256:2de2a5db0baeae7b2d2664949077c2ac63fbd16d98da0ff71837f7d1dea3fd43",
                "sha256:6c80b1e5ad3665290ea39320b91e1be1e0d5f60652b964a3070216de83d2e47c"
            ],
            "index": "pypi",
            "version": "==1.0.1"
        },
        "wtforms": {
            "extras": [
                "email"
            ],
            "hashes": [
                "sha256:7b504fc724d0d1d4d5d5c114e778ec88c37ea53144683e084215eed5155ada4c",
                "sha256:81195de0ac94fbc8368abbaf9197b88c4f3ffd6c2719b5bf5fc9da744f3d829c"
            ],
            "version": "==2.3.3"
        }
    },
    "develop": {}
}
